
Microsoft Visual Studio Solution File, Format Version 12.00
# Visual Studio 15
Project("{FAE04EC0-301F-11D3-BF4B-00C04F79EFBC}") = "Mastercard.Developer.DigitalEnablement.Client", "Mastercard.Developer.DigitalEnablement.Client.csproj", "{C5D88FC8-6DBA-40B4-9A39-28E6541F173B}"
EndProject
Global
	GlobalSection(SolutionConfigurationPlatforms) = preSolution
		Debug|Any CPU = Debug|Any CPU
		Release|Any CPU = Release|Any CPU
	EndGlobalSection
	GlobalSection(ProjectConfigurationPlatforms) = postSolution
		{C5D88FC8-6DBA-40B4-9A39-28E6541F173B}.Debug|Any CPU.ActiveCfg = Debug|Any CPU
		{C5D88FC8-6DBA-40B4-9A39-28E6541F173B}.Debug|Any CPU.Build.0 = Debug|Any CPU
		{C5D88FC8-6DBA-40B4-9A39-28E6541F173B}.Release|Any CPU.ActiveCfg = Release|Any CPU
		{C5D88FC8-6DBA-40B4-9A39-28E6541F173B}.Release|Any CPU.Build.0 = Release|Any CPU
	EndGlobalSection
EndGlobal
